{
    "_readme": [
        "This file locks the dependencies of your project to a known state",
        "Read more about it at http://getcomposer.org/doc/01-basic-usage.md#composer-lock-the-lock-file"
    ],
    "hash": "ee96c6148a0104a2bae98d434ea170b0",
    "packages": [

    ],
    "packages-dev": [
        {
            "name": "zendframework/zend-stdlib",
            "version": "2.2.4",
            "target-dir": "Zend/Stdlib",
            "source": {
                "type": "git",
                "url": "https://github.com/zendframework/Component_ZendStdlib.git",
                "reference": "7c87ce4e840957596bf3401fa4ae4fb0355682e2"
            },
            "dist": {
                "type": "zip",
                "url": "https://api.github.com/repos/zendframework/Component_ZendStdlib/zipball/7c87ce4e840957596bf3401fa4ae4fb0355682e2",
                "reference": "7c87ce4e840957596bf3401fa4ae4fb0355682e2",
                "shasum": ""
            },
            "require": {
                "php": ">=5.3.3"
            },
            "suggest": {
                "zendframework/zend-eventmanager": "To support aggregate hydrator usage",
                "zendframework/zend-servicemanager": "To support hydrator plugin manager usage"
            },
            "type": "library",
            "extra": {
                "branch-alias": {
                    "dev-master": "2.2-dev",
                    "dev-develop": "2.3-dev"
                }
            },
            "autoload": {
                "psr-0": {
                    "Zend\\Stdlib\\": ""
                }
            },
            "notification-url": "https://packagist.org/downloads/",
            "license": [
                "BSD-3-Clause"
            ],
            "keywords": [
                "stdlib",
                "zf2"
            ],
            "time": "2013-08-21 17:08:07"
        }
    ],
    "aliases": [

    ],
    "minimum-stability": "stable",
    "stability-flags": [

    ],
    "platform": [

    ],
    "platform-dev": [

    ]
}
